
Microsoft Visual Studio Solution File, Format Version 12.00
# Visual Studio Version 17
VisualStudioVersion = 17.11.35219.272
MinimumVisualStudioVersion = 10.0.40219.1
Project("{FAE04EC0-301F-11D3-BF4B-00C04F79EFBC}") = "School Management System", "School Management System.csproj", "{7EB9AC22-2F0E-4DDF-AA35-2D7C4E17338D}"
EndProject
Global
	GlobalSection(SolutionConfigurationPlatforms) = preSolution
		Debug|Any CPU = Debug|Any CPU
		Release|Any CPU = Release|Any CPU
	EndGlobalSection
	GlobalSection(ProjectConfigurationPlatforms) = postSolution
		{7EB9AC22-2F0E-4DDF-AA35-2D7C4E17338D}.Debug|Any CPU.ActiveCfg = Debug|Any CPU
		{7EB9AC22-2F0E-4DDF-AA35-2D7C4E17338D}.Debug|Any CPU.Build.0 = Debug|Any CPU
		{7EB9AC22-2F0E-4DDF-AA35-2D7C4E17338D}.Release|Any CPU.ActiveCfg = Release|Any CPU
		{7EB9AC22-2F0E-4DDF-AA35-2D7C4E17338D}.Release|Any CPU.Build.0 = Release|Any CPU
	EndGlobalSection
	GlobalSection(SolutionProperties) = preSolution
		HideSolutionNode = FALSE
	EndGlobalSection
	GlobalSection(ExtensibilityGlobals) = postSolution
		SolutionGuid = {441313BB-0F38-4FA5-8345-C71999607EB9}
	EndGlobalSection
EndGlobal
